{
  "name": "zkperp-oracle",
  "version": "2.0.0",
  "lockfileVersion": 3,
  "requires": true,
  "packages": {
    "": {
      "name": "zkperp-oracle",
      "version": "2.0.0",
      "license": "MIT",
      "dependencies": {
        "@provablehq/sdk": "^0.10.1",
        "dotenv": "^16.4.7",
        "ethers": "^6.15.0"
      },
      "engines": {
        "node": ">=18.0.0"
      }
    },
    "node_modules/@adraffy/ens-normalize": {
      "version": "1.10.1",
      "resolved": "https://registry.npmjs.org/@adraffy/ens-normalize/-/ens-normalize-1.10.1.tgz",
      "integrity": "sha512-96Z2IP3mYmF1Xg2cDm8f1gWGf/HUVedQ3FMifV4kG/PQ4yEP51xDtRAEfhVNt5f/uzpNkZHwWQuUcu6D6K+Ekw==",
      "license": "MIT"
    },
    "node_modules/@noble/curves": {
      "version": "1.2.0",
      "resolved": "https://registry.npmjs.org/@noble/curves/-/curves-1.2.0.tgz",
      "integrity": "sha512-oYclrNgRaM9SsBUBVbb8M6DTV7ZHRTKugureoYEncY5c65HOmRzvSiTE3y5CYaPYJA/GVkrhXEoF0M3Ya9PMnw==",
      "license": "MIT",
      "dependencies": {
        "@noble/hashes": "1.3.2"
      },
      "funding": {
        "url": "https://paulmillr.com/funding/"
      }
    },
    "node_modules/@noble/hashes": {
      "version": "1.3.2",
      "resolved": "https://registry.npmjs.org/@noble/hashes/-/hashes-1.3.2.tgz",
      "integrity": "sha512-MVC8EAQp7MvEcm30KWENFjgR+Mkmf+D189XJTkFIlwohU5hcBbn1ZkKq7KVTi2Hme3PMGF390DaL52beVrIihQ==",
      "license": "MIT",
      "engines": {
        "node": ">= 16"
      },
      "funding": {
        "url": "https://paulmillr.com/funding/"
      }
    },
    "node_modules/@provablehq/sdk": {
      "version": "0.10.1",
      "resolved": "https://registry.npmjs.org/@provablehq/sdk/-/sdk-0.10.1.tgz",
      "integrity": "sha512-JGov3hfXH+QHsQCrUIYutlrGRiztXOICeIywd7HOimPggMKgqTiwm70bZOejZei16Xh4Bl4UNURmeu22tIyCJw==",
      "license": "GPL-3.0",
      "dependencies": {
        "@provablehq/wasm": "^0.10.1",
        "@scure/base": "^2.0.0",
        "comlink": "^4.4.2",
        "core-js": "^3.40.0",
        "libsodium-wrappers": "^0.8.2",
        "mime": "^4.0.6",
        "xmlhttprequest-ssl": "^4.0.0"
      }
    },
    "node_modules/@provablehq/wasm": {
      "version": "0.10.1",
      "resolved": "https://registry.npmjs.org/@provablehq/wasm/-/wasm-0.10.1.tgz",
      "integrity": "sha512-YUv1SFvMDo0KLsU2K+1V/e6OUQyGOjTPLeeIgL4w6dGPTpObP1VgMOaP4a4woj9mt6I/KKkXI+GpZvgcLo4Szw==",
      "license": "GPL-3.0"
    },
    "node_modules/@scure/base": {
      "version": "2.0.0",
      "resolved": "https://registry.npmjs.org/@scure/base/-/base-2.0.0.tgz",
      "integrity": "sha512-3E1kpuZginKkek01ovG8krQ0Z44E3DHPjc5S2rjJw9lZn3KSQOs8S7wqikF/AH7iRanHypj85uGyxk0XAyC37w==",
      "license": "MIT",
      "funding": {
        "url": "https://paulmillr.com/funding/"
      }
    },
    "node_modules/@types/node": {
      "version": "22.7.5",
      "resolved": "https://registry.npmjs.org/@types/node/-/node-22.7.5.tgz",
      "integrity": "sha512-jML7s2NAzMWc//QSJ1a3prpk78cOPchGvXJsC3C6R6PSMoooztvRVQEz89gmBTBY1SPMaqo5teB4uNHPdetShQ==",
      "license": "MIT",
      "dependencies": {
        "undici-types": "~6.19.2"
      }
    },
    "node_modules/aes-js": {
      "version": "4.0.0-beta.5",
      "resolved": "https://registry.npmjs.org/aes-js/-/aes-js-4.0.0-beta.5.tgz",
      "integrity": "sha512-G965FqalsNyrPqgEGON7nIx1e/OVENSgiEIzyC63haUMuvNnwIgIjMs52hlTCKhkBny7A2ORNlfY9Zu+jmGk1Q==",
      "license": "MIT"
    },
    "node_modules/comlink": {
      "version": "4.4.2",
      "resolved": "https://registry.npmjs.org/comlink/-/comlink-4.4.2.tgz",
      "integrity": "sha512-OxGdvBmJuNKSCMO4NTl1L47VRp6xn2wG4F/2hYzB6tiCb709otOxtEYCSvK80PtjODfXXZu8ds+Nw5kVCjqd2g==",
      "license": "Apache-2.0"
    },
    "node_modules/core-js": {
      "version": "3.49.0",
      "resolved": "https://registry.npmjs.org/core-js/-/core-js-3.49.0.tgz",
      "integrity": "sha512-es1U2+YTtzpwkxVLwAFdSpaIMyQaq0PBgm3YD1W3Qpsn1NAmO3KSgZfu+oGSWVu6NvLHoHCV/aYcsE5wiB7ALg==",
      "hasInstallScript": true,
      "license": "MIT",
      "funding": {
        "type": "opencollective",
        "url": "https://opencollective.com/core-js"
      }
    },
    "node_modules/dotenv": {
      "version": "16.6.1",
      "resolved": "https://registry.npmjs.org/dotenv/-/dotenv-16.6.1.tgz",
      "integrity": "sha512-uBq4egWHTcTt33a72vpSG0z3HnPuIl6NqYcTrKEg2azoEyl2hpW0zqlxysq2pK9HlDIHyHyakeYaYnSAwd8bow==",
      "license": "BSD-2-Clause",
      "engines": {
        "node": ">=12"
      },
      "funding": {
        "url": "https://dotenvx.com"
      }
    },
    "node_modules/ethers": {
      "version": "6.16.0",
      "resolved": "https://registry.npmjs.org/ethers/-/ethers-6.16.0.tgz",
      "integrity": "sha512-U1wulmetNymijEhpSEQ7Ct/P/Jw9/e7R1j5XIbPRydgV2DjLVMsULDlNksq3RQnFgKoLlZf88ijYtWEXcPa07A==",
      "funding": [
        {
          "type": "individual",
          "url": "https://github.com/sponsors/ethers-io/"
        },
        {
          "type": "individual",
          "url": "https://www.buymeacoffee.com/ricmoo"
        }
      ],
      "license": "MIT",
      "dependencies": {
        "@adraffy/ens-normalize": "1.10.1",
        "@noble/curves": "1.2.0",
        "@noble/hashes": "1.3.2",
        "@types/node": "22.7.5",
        "aes-js": "4.0.0-beta.5",
        "tslib": "2.7.0",
        "ws": "8.17.1"
      },
      "engines": {
        "node": ">=14.0.0"
      }
    },
    "node_modules/libsodium": {
      "version": "0.8.2",
      "resolved": "https://registry.npmjs.org/libsodium/-/libsodium-0.8.2.tgz",
      "integrity": "sha512-TsnGYMoZtpweT+kR+lOv5TVsnJ/9U0FZOsLFzFOMWmxqOAYXjX3fsrPAW+i1LthgDKXJnI9A8dWEanT1tnJKIw==",
      "license": "ISC"
    },
    "node_modules/libsodium-wrappers": {
      "version": "0.8.2",
      "resolved": "https://registry.npmjs.org/libsodium-wrappers/-/libsodium-wrappers-0.8.2.tgz",
      "integrity": "sha512-VFLmfxkxo+U9q60tjcnSomQBRx2UzlRjKWJqvB4K1pUqsMQg4cu3QXA2nrcsj9A1qRsnJBbi2Ozx1hsiDoCkhw==",
      "license": "ISC",
      "dependencies": {
        "libsodium": "^0.8.0"
      }
    },
    "node_modules/mime": {
      "version": "4.1.0",
      "resolved": "https://registry.npmjs.org/mime/-/mime-4.1.0.tgz",
      "integrity": "sha512-X5ju04+cAzsojXKes0B/S4tcYtFAJ6tTMuSPBEn9CPGlrWr8Fiw7qYeLT0XyH80HSoAoqWCaz+MWKh22P7G1cw==",
      "funding": [
        "https://github.com/sponsors/broofa"
      ],
      "license": "MIT",
      "bin": {
        "mime": "bin/cli.js"
      },
      "engines": {
        "node": ">=16"
      }
    },
    "node_modules/tslib": {
      "version": "2.7.0",
      "resolved": "https://registry.npmjs.org/tslib/-/tslib-2.7.0.tgz",
      "integrity": "sha512-gLXCKdN1/j47AiHiOkJN69hJmcbGTHI0ImLmbYLHykhgeN0jVGola9yVjFgzCUklsZQMW55o+dW7IXv3RCXDzA==",
      "license": "0BSD"
    },
    "node_modules/undici-types": {
      "version": "6.19.8",
      "resolved": "https://registry.npmjs.org/undici-types/-/undici-types-6.19.8.tgz",
      "integrity": "sha512-ve2KP6f/JnbPBFyobGHuerC9g1FYGn/F8n1LWTwNxCEzd6IfqTwUQcNXgEtmmQ6DlRrC1hrSrBnCZPokRrDHjw==",
      "license": "MIT"
    },
    "node_modules/ws": {
      "version": "8.17.1",
      "resolved": "https://registry.npmjs.org/ws/-/ws-8.17.1.tgz",
      "integrity": "sha512-6XQFvXTkbfUOZOKKILFG1PDK2NDQs4azKQl26T0YS5CxqWLgXajbPZ+h4gZekJyRqFU8pvnbAbbs/3TgRPy+GQ==",
      "license": "MIT",
      "engines": {
        "node": ">=10.0.0"
      },
      "peerDependencies": {
        "bufferutil": "^4.0.1",
        "utf-8-validate": ">=5.0.2"
      },
      "peerDependenciesMeta": {
        "bufferutil": {
          "optional": true
        },
        "utf-8-validate": {
          "optional": true
        }
      }
    },
    "node_modules/xmlhttprequest-ssl": {
      "version": "4.0.0",
      "resolved": "https://registry.npmjs.org/xmlhttprequest-ssl/-/xmlhttprequest-ssl-4.0.0.tgz",
      "integrity": "sha512-b7DXzbCm8VWmII2mQiQHy5VG1L6YBUnNxuCooldWpMUXTwa08uXEz1q5Nv6wlULnSI5GiHuwBIq6pNJrqRh/8Q==",
      "engines": {
        "node": ">=13.0.0"
      }
    }
  }
}
